
Microsoft Visual Studio Solution File, Format Version 12.00
# Visual Studio Version 17
VisualStudioVersion = 17.13.35931.197
MinimumVisualStudioVersion = 10.0.40219.1
Project("{9A19103F-16F7-4668-BE54-9A1E7A4F7556}") = "ShipRegister", "ShipRegister\ShipRegister.csproj", "{A7EA4902-D97F-4743-81F0-2B6ECD054BB1}"
EndProject
Global
	GlobalSection(SolutionConfigurationPlatforms) = preSolution
		Debug|Any CPU = Debug|Any CPU
		Release|Any CPU = Release|Any CPU
	EndGlobalSection
	GlobalSection(ProjectConfigurationPlatforms) = postSolution
		{A7EA4902-D97F-4743-81F0-2B6ECD054BB1}.Debug|Any CPU.ActiveCfg = Debug|Any CPU
		{A7EA4902-D97F-4743-81F0-2B6ECD054BB1}.Debug|Any CPU.Build.0 = Debug|Any CPU
		{A7EA4902-D97F-4743-81F0-2B6ECD054BB1}.Release|Any CPU.ActiveCfg = Release|Any CPU
		{A7EA4902-D97F-4743-81F0-2B6ECD054BB1}.Release|Any CPU.Build.0 = Release|Any CPU
	EndGlobalSection
	GlobalSection(SolutionProperties) = preSolution
		HideSolutionNode = FALSE
	EndGlobalSection
	GlobalSection(ExtensibilityGlobals) = postSolution
		SolutionGuid = {37927000-CE3B-4218-A463-4C8E7B916134}
	EndGlobalSection
EndGlobal
